// !$*UTF8*$!
{
	archiveVersion = 1;
	classes = {
	};
	objectVersion = 55;
	objects = {

/* Begin PBXBuildFile section */
		B507EBA32773601700EB4CBB /* Notes WatchKit App.app in Embed Watch Content */ = {isa = PBXBuildFile; fileRef = B507EBA22773601700EB4CBB /* Notes WatchKit App.app */; settings = {ATTRIBUTES = (RemoveHeadersOnCopy, ); }; };
		B507EBA82773601B00EB4CBB /* Assets.xcassets in Resources */ = {isa = PBXBuildFile; fileRef = B507EBA72773601B00EB4CBB /* Assets.xcassets */; };
		B507EBAE2773601C00EB4CBB /* Notes WatchKit Extension.appex in Embed App Extensions */ = {isa = PBXBuildFile; fileRef = B507EBAD2773601C00EB4CBB /* Notes WatchKit Extension.appex */; settings = {ATTRIBUTES = (RemoveHeadersOnCopy, ); }; };
		B507EBB32773601C00EB4CBB /* NotesApp.swift in Sources */ = {isa = PBXBuildFile; fileRef = B507EBB22773601C00EB4CBB /* NotesApp.swift */; };
		B507EBB52773601C00EB4CBB /* ContentView.swift in Sources */ = {isa = PBXBuildFile; fileRef = B507EBB42773601C00EB4CBB /* ContentView.swift */; };
		B507EBB72773601C00EB4CBB /* NotificationController.swift in Sources */ = {isa = PBXBuildFile; fileRef = B507EBB62773601C00EB4CBB /* NotificationController.swift */; };
		B507EBB92773601C00EB4CBB /* NotificationView.swift in Sources */ = {isa = PBXBuildFile; fileRef = B507EBB82773601C00EB4CBB /* NotificationView.swift */; };
		B507EBBB2773601C00EB4CBB /* ComplicationController.swift in Sources */ = {isa = PBXBuildFile; fileRef = B507EBBA2773601C00EB4CBB /* ComplicationController.swift */; };
		B507EBBD2773601E00EB4CBB /* Assets.xcassets in Resources */ = {isa = PBXBuildFile; fileRef = B507EBBC2773601E00EB4CBB /* Assets.xcassets */; };
		B507EBC02773601E00EB4CBB /* Preview Assets.xcassets in Resources */ = {isa = PBXBuildFile; fileRef = B507EBBF2773601E00EB4CBB /* Preview Assets.xcassets */; };
		B57CE0912783B46C005A151D /* Note.swift in Sources */ = {isa = PBXBuildFile; fileRef = B57CE0902783B46C005A151D /* Note.swift */; };
		B58583C3278880AB00A07BA1 /* SettingsView.swift in Sources */ = {isa = PBXBuildFile; fileRef = B58583C2278880AB00A07BA1 /* SettingsView.swift */; };
		B5AD30AF2787C1C100BF833F /* CreditView.swift in Sources */ = {isa = PBXBuildFile; fileRef = B5AD30AE2787C1C000BF833F /* CreditView.swift */; };
		B5AD30B22787C27300BF833F /* HeaderView.swift in Sources */ = {isa = PBXBuildFile; fileRef = B5AD30B12787C27300BF833F /* HeaderView.swift */; };
		B5B3B39A2785E22400C02D92 /* DetailView.swift in Sources */ = {isa = PBXBuildFile; fileRef = B5B3B3992785E22400C02D92 /* DetailView.swift */; };
/* End PBXBuildFile section */

/* Begin PBXContainerItemProxy section */
		B507EBA42773601700EB4CBB /* PBXContainerItemProxy */ = {
			isa = PBXContainerItemProxy;
			containerPortal = B507EB982773601700EB4CBB /* Project object */;
			proxyType = 1;
			remoteGlobalIDString = B507EBA12773601700EB4CBB;
			remoteInfo = "Notes WatchKit App";
		};
		B507EBAF2773601C00EB4CBB /* PBXContainerItemProxy */ = {
			isa = PBXContainerItemProxy;
			containerPortal = B507EB982773601700EB4CBB /* Project object */;
			proxyType = 1;
			remoteGlobalIDString = B507EBAC2773601C00EB4CBB;
			remoteInfo = "Notes WatchKit Extension";
		};
/* End PBXContainerItemProxy section */

/* Begin PBXCopyFilesBuildPhase section */
		B507EBC82773601E00EB4CBB /* Embed App Extensions */ = {
			isa = PBXCopyFilesBuildPhase;
			buildActionMask = 2147483647;
			dstPath = "";
			dstSubfolderSpec = 13;
			files = (
				B507EBAE2773601C00EB4CBB /* Notes WatchKit Extension.appex in Embed App Extensions */,
			);
			name = "Embed App Extensions";
			runOnlyForDeploymentPostprocessing = 0;
		};
		B507EBCC2773601E00EB4CBB /* Embed Watch Content */ = {
			isa = PBXCopyFilesBuildPhase;
			buildActionMask = 2147483647;
			dstPath = "$(CONTENTS_FOLDER_PATH)/Watch";
			dstSubfolderSpec = 16;
			files = (
				B507EBA32773601700EB4CBB /* Notes WatchKit App.app in Embed Watch Content */,
			);
			name = "Embed Watch Content";
			runOnlyForDeploymentPostprocessing = 0;
		};
/* End PBXCopyFilesBuildPhase section */

/* Begin PBXFileReference section */
		B507EB9E2773601700EB4CBB /* Notes.app */ = {isa = PBXFileReference; explicitFileType = wrapper.application; includeInIndex = 0; path = Notes.app; sourceTree = BUILT_PRODUCTS_DIR; };
		B507EBA22773601700EB4CBB /* Notes WatchKit App.app */ = {isa = PBXFileReference; explicitFileType = wrapper.application; includeInIndex = 0; path = "Notes WatchKit App.app"; sourceTree = BUILT_PRODUCTS_DIR; };
		B507EBA72773601B00EB4CBB /* Assets.xcassets */ = {isa = PBXFileReference; lastKnownFileType = folder.assetcatalog; path = Assets.xcassets; sourceTree = "<group>"; };
		B507EBAD2773601C00EB4CBB /* Notes WatchKit Extension.appex */ = {isa = PBXFileReference; explicitFileType = "wrapper.app-extension"; includeInIndex = 0; path = "Notes WatchKit Extension.appex"; sourceTree = BUILT_PRODUCTS_DIR; };
		B507EBB22773601C00EB4CBB /* NotesApp.swift */ = {isa = PBXFileReference; lastKnownFileType = sourcecode.swift; path = NotesApp.swift; sourceTree = "<group>"; };
		B507EBB42773601C00EB4CBB /* ContentView.swift */ = {isa = PBXFileReference; lastKnownFileType = sourcecode.swift; path = ContentView.swift; sourceTree = "<group>"; };
		B507EBB62773601C00EB4CBB /* NotificationController.swift */ = {isa = PBXFileReference; lastKnownFileType = sourcecode.swift; path = NotificationController.swift; sourceTree = "<group>"; };
		B507EBB82773601C00EB4CBB /* NotificationView.swift */ = {isa = PBXFileReference; lastKnownFileType = sourcecode.swift; path = NotificationView.swift; sourceTree = "<group>"; };
		B507EBBA2773601C00EB4CBB /* ComplicationController.swift */ = {isa = PBXFileReference; lastKnownFileType = sourcecode.swift; path = ComplicationController.swift; sourceTree = "<group>"; };
		B507EBBC2773601E00EB4CBB /* Assets.xcassets */ = {isa = PBXFileReference; lastKnownFileType = folder.assetcatalog; path = Assets.xcassets; sourceTree = "<group>"; };
		B507EBBF2773601E00EB4CBB /* Preview Assets.xcassets */ = {isa = PBXFileReference; lastKnownFileType = folder.assetcatalog; path = "Preview Assets.xcassets"; sourceTree = "<group>"; };
		B507EBC12773601E00EB4CBB /* Info.plist */ = {isa = PBXFileReference; lastKnownFileType = text.plist.xml; path = Info.plist; sourceTree = "<group>"; };
		B507EBC22773601E00EB4CBB /* PushNotificationPayload.apns */ = {isa = PBXFileReference; lastKnownFileType = text; path = PushNotificationPayload.apns; sourceTree = "<group>"; };
		B57CE0902783B46C005A151D /* Note.swift */ = {isa = PBXFileReference; lastKnownFileType = sourcecode.swift; path = Note.swift; sourceTree = "<group>"; };
		B58583C2278880AB00A07BA1 /* SettingsView.swift */ = {isa = PBXFileReference; lastKnownFileType = sourcecode.swift; path = SettingsView.swift; sourceTree = "<group>"; };
		B5AD30AE2787C1C000BF833F /* CreditView.swift */ = {isa = PBXFileReference; lastKnownFileType = sourcecode.swift; path = CreditView.swift; sourceTree = "<group>"; };
		B5AD30B12787C27300BF833F /* HeaderView.swift */ = {isa = PBXFileReference; lastKnownFileType = sourcecode.swift; path = HeaderView.swift; sourceTree = "<group>"; };
		B5B3B3992785E22400C02D92 /* DetailView.swift */ = {isa = PBXFileReference; lastKnownFileType = sourcecode.swift; path = DetailView.swift; sourceTree = "<group>"; };
/* End PBXFileReference section */

/* Begin PBXFrameworksBuildPhase section */
		B507EBAA2773601C00EB4CBB /* Frameworks */ = {
			isa = PBXFrameworksBuildPhase;
			buildActionMask = 2147483647;
			files = (
			);
			runOnlyForDeploymentPostprocessing = 0;
		};
/* End PBXFrameworksBuildPhase section */

/* Begin PBXGroup section */
		B507EB972773601700EB4CBB = {
			isa = PBXGroup;
			children = (
				B507EBA62773601700EB4CBB /* Notes WatchKit App */,
				B507EBB12773601C00EB4CBB /* Notes WatchKit Extension */,
				B507EB9F2773601700EB4CBB /* Products */,
			);
			sourceTree = "<group>";
		};
		B507EB9F2773601700EB4CBB /* Products */ = {
			isa = PBXGroup;
			children = (
				B507EB9E2773601700EB4CBB /* Notes.app */,
				B507EBA22773601700EB4CBB /* Notes WatchKit App.app */,
				B507EBAD2773601C00EB4CBB /* Notes WatchKit Extension.appex */,
			);
			name = Products;
			sourceTree = "<group>";
		};
		B507EBA62773601700EB4CBB /* Notes WatchKit App */ = {
			isa = PBXGroup;
			children = (
				B507EBA72773601B00EB4CBB /* Assets.xcassets */,
			);
			path = "Notes WatchKit App";
			sourceTree = "<group>";
		};
		B507EBB12773601C00EB4CBB /* Notes WatchKit Extension */ = {
			isa = PBXGroup;
			children = (
				B5AD30B02787C25B00BF833F /* Component */,
				B57CE08F2783B43A005A151D /* Model */,
				B57CE08E2783B431005A151D /* View */,
				B507EBB22773601C00EB4CBB /* NotesApp.swift */,
				B507EBB62773601C00EB4CBB /* NotificationController.swift */,
				B507EBB82773601C00EB4CBB /* NotificationView.swift */,
				B507EBBA2773601C00EB4CBB /* ComplicationController.swift */,
				B507EBBC2773601E00EB4CBB /* Assets.xcassets */,
				B507EBC12773601E00EB4CBB /* Info.plist */,
				B507EBC22773601E00EB4CBB /* PushNotificationPayload.apns */,
				B507EBBE2773601E00EB4CBB /* Preview Content */,
			);
			path = "Notes WatchKit Extension";
			sourceTree = "<group>";
		};
		B507EBBE2773601E00EB4CBB /* Preview Content */ = {
			isa = PBXGroup;
			children = (
				B507EBBF2773601E00EB4CBB /* Preview Assets.xcassets */,
			);
			path = "Preview Content";
			sourceTree = "<group>";
		};
		B57CE08E2783B431005A151D /* View */ = {
			isa = PBXGroup;
			children = (
				B507EBB42773601C00EB4CBB /* ContentView.swift */,
				B5B3B3992785E22400C02D92 /* DetailView.swift */,
				B5AD30AE2787C1C000BF833F /* CreditView.swift */,
				B58583C2278880AB00A07BA1 /* SettingsView.swift */,
			);
			path = View;
			sourceTree = "<group>";
		};
		B57CE08F2783B43A005A151D /* Model */ = {
			isa = PBXGroup;
			children = (
				B57CE0902783B46C005A151D /* Note.swift */,
			);
			path = Model;
			sourceTree = "<group>";
		};
		B5AD30B02787C25B00BF833F /* Component */ = {
			isa = PBXGroup;
			children = (
				B5AD30B12787C27300BF833F /* HeaderView.swift */,
			);
			path = Component;
			sourceTree = "<group>";
		};
/* End PBXGroup section */

/* Begin PBXNativeTarget section */
		B507EB9D2773601700EB4CBB /* Notes */ = {
			isa = PBXNativeTarget;
			buildConfigurationList = B507EBCD2773601E00EB4CBB /* Build configuration list for PBXNativeTarget "Notes" */;
			buildPhases = (
				B507EB9C2773601700EB4CBB /* Resources */,
				B507EBCC2773601E00EB4CBB /* Embed Watch Content */,
			);
			buildRules = (
			);
			dependencies = (
				B507EBA52773601700EB4CBB /* PBXTargetDependency */,
			);
			name = Notes;
			productName = Notes;
			productReference = B507EB9E2773601700EB4CBB /* Notes.app */;
			productType = "com.apple.product-type.application.watchapp2-container";
		};
		B507EBA12773601700EB4CBB /* Notes WatchKit App */ = {
			isa = PBXNativeTarget;
			buildConfigurationList = B507EBC92773601E00EB4CBB /* Build configuration list for PBXNativeTarget "Notes WatchKit App" */;
			buildPhases = (
				B507EBA02773601700EB4CBB /* Resources */,
				B507EBC82773601E00EB4CBB /* Embed App Extensions */,
			);
			buildRules = (
			);
			dependencies = (
				B507EBB02773601C00EB4CBB /* PBXTargetDependency */,
			);
			name = "Notes WatchKit App";
			productName = "Notes WatchKit App";
			productReference = B507EBA22773601700EB4CBB /* Notes WatchKit App.app */;
			productType = "com.apple.product-type.application.watchapp2";
		};
		B507EBAC2773601C00EB4CBB /* Notes WatchKit Extension */ = {
			isa = PBXNativeTarget;
			buildConfigurationList = B507EBC52773601E00EB4CBB /* Build configuration list for PBXNativeTarget "Notes WatchKit Extension" */;
			buildPhases = (
				B507EBA92773601C00EB4CBB /* Sources */,
				B507EBAA2773601C00EB4CBB /* Frameworks */,
				B507EBAB2773601C00EB4CBB /* Resources */,
			);
			buildRules = (
			);
			dependencies = (
			);
			name = "Notes WatchKit Extension";
			productName = "Notes WatchKit Extension";
			productReference = B507EBAD2773601C00EB4CBB /* Notes WatchKit Extension.appex */;
			productType = "com.apple.product-type.watchkit2-extension";
		};
/* End PBXNativeTarget section */

/* Begin PBXProject section */
		B507EB982773601700EB4CBB /* Project object */ = {
			isa = PBXProject;
			attributes = {
				BuildIndependentTargetsInParallel = 1;
				LastSwiftUpdateCheck = 1310;
				LastUpgradeCheck = 1310;
				TargetAttributes = {
					B507EB9D2773601700EB4CBB = {
						CreatedOnToolsVersion = 13.1;
					};
					B507EBA12773601700EB4CBB = {
						CreatedOnToolsVersion = 13.1;
					};
					B507EBAC2773601C00EB4CBB = {
						CreatedOnToolsVersion = 13.1;
					};
				};
			};
			buildConfigurationList = B507EB9B2773601700EB4CBB /* Build configuration list for PBXProject "Notes" */;
			compatibilityVersion = "Xcode 13.0";
			developmentRegion = en;
			hasScannedForEncodings = 0;
			knownRegions = (
				en,
				Base,
			);
			mainGroup = B507EB972773601700EB4CBB;
			productRefGroup = B507EB9F2773601700EB4CBB /* Products */;
			projectDirPath = "";
			projectRoot = "";
			targets = (
				B507EB9D2773601700EB4CBB /* Notes */,
				B507EBA12773601700EB4CBB /* Notes WatchKit App */,
				B507EBAC2773601C00EB4CBB /* Notes WatchKit Extension */,
			);
		};
/* End PBXProject section */

/* Begin PBXResourcesBuildPhase section */
		B507EB9C2773601700EB4CBB /* Resources */ = {
			isa = PBXResourcesBuildPhase;
			buildActionMask = 2147483647;
			files = (
			);
			runOnlyForDeploymentPostprocessing = 0;
		};
		B507EBA02773601700EB4CBB /* Resources */ = {
			isa = PBXResourcesBuildPhase;
			buildActionMask = 2147483647;
			files = (
				B507EBA82773601B00EB4CBB /* Assets.xcassets in Resources */,
			);
			runOnlyForDeploymentPostprocessing = 0;
		};
		B507EBAB2773601C00EB4CBB /* Resources */ = {
			isa = PBXResourcesBuildPhase;
			buildActionMask = 2147483647;
			files = (
				B507EBC02773601E00EB4CBB /* Preview Assets.xcassets in Resources */,
				B507EBBD2773601E00EB4CBB /* Assets.xcassets in Resources */,
			);
			runOnlyForDeploymentPostprocessing = 0;
		};
/* End PBXResourcesBuildPhase section */

/* Begin PBXSourcesBuildPhase section */
		B507EBA92773601C00EB4CBB /* Sources */ = {
			isa = PBXSourcesBuildPhase;
			buildActionMask = 2147483647;
			files = (
				B507EBB72773601C00EB4CBB /* NotificationController.swift in Sources */,
				B5AD30B22787C27300BF833F /* HeaderView.swift in Sources */,
				B5AD30AF2787C1C100BF833F /* CreditView.swift in Sources */,
				B507EBB52773601C00EB4CBB /* ContentView.swift in Sources */,
				B507EBBB2773601C00EB4CBB /* ComplicationController.swift in Sources */,
				B58583C3278880AB00A07BA1 /* SettingsView.swift in Sources */,
				B5B3B39A2785E22400C02D92 /* DetailView.swift in Sources */,
				B507EBB32773601C00EB4CBB /* NotesApp.swift in Sources */,
				B507EBB92773601C00EB4CBB /* NotificationView.swift in Sources */,
				B57CE0912783B46C005A151D /* Note.swift in Sources */,
			);
			runOnlyForDeploymentPostprocessing = 0;
		};
/* End PBXSourcesBuildPhase section */

/* Begin PBXTargetDependency section */
		B507EBA52773601700EB4CBB /* PBXTargetDependency */ = {
			isa = PBXTargetDependency;
			target = B507EBA12773601700EB4CBB /* Notes WatchKit App */;
			targetProxy = B507EBA42773601700EB4CBB /* PBXContainerItemProxy */;
		};
		B507EBB02773601C00EB4CBB /* PBXTargetDependency */ = {
			isa = PBXTargetDependency;
			target = B507EBAC2773601C00EB4CBB /* Notes WatchKit Extension */;
			targetProxy = B507EBAF2773601C00EB4CBB /* PBXContainerItemProxy */;
		};
/* End PBXTargetDependency section */

/* Begin XCBuildConfiguration section */
		B507EBC32773601E00EB4CBB /* Debug */ = {
			isa = XCBuildConfiguration;
			buildSettings = {
				ALWAYS_SEARCH_USER_PATHS = NO;
				CLANG_ANALYZER_NONNULL = YES;
				CLANG_ANALYZER_NUMBER_OBJECT_CONVERSION = YES_AGGRESSIVE;
				CLANG_CXX_LANGUAGE_STANDARD = "gnu++17";
				CLANG_CXX_LIBRARY = "libc++";
				CLANG_ENABLE_MODULES = YES;
				CLANG_ENABLE_OBJC_ARC = YES;
				CLANG_ENABLE_OBJC_WEAK = YES;
				CLANG_WARN_BLOCK_CAPTURE_AUTORELEASING = YES;
				CLANG_WARN_BOOL_CONVERSION = YES;
				CLANG_WARN_COMMA = YES;
				CLANG_WARN_CONSTANT_CONVERSION = YES;
				CLANG_WARN_DEPRECATED_OBJC_IMPLEMENTATIONS = YES;
				CLANG_WARN_DIRECT_OBJC_ISA_USAGE = YES_ERROR;
				CLANG_WARN_DOCUMENTATION_COMMENTS = YES;
				CLANG_WARN_EMPTY_BODY = YES;
				CLANG_WARN_ENUM_CONVERSION = YES;
				CLANG_WARN_INFINITE_RECURSION = YES;
				CLANG_WARN_INT_CONVERSION = YES;
				CLANG_WARN_NON_LITERAL_NULL_CONVERSION = YES;
				CLANG_WARN_OBJC_IMPLICIT_RETAIN_SELF = YES;
				CLANG_WARN_OBJC_LITERAL_CONVERSION = YES;
				CLANG_WARN_OBJC_ROOT_CLASS = YES_ERROR;
				CLANG_WARN_QUOTED_INCLUDE_IN_FRAMEWORK_HEADER = YES;
				CLANG_WARN_RANGE_LOOP_ANALYSIS = YES;
				CLANG_WARN_STRICT_PROTOTYPES = YES;
				CLANG_WARN_SUSPICIOUS_MOVE = YES;
				CLANG_WARN_UNGUARDED_AVAILABILITY = YES_AGGRESSIVE;
				CLANG_WARN_UNREACHABLE_CODE = YES;
				CLANG_WARN__DUPLICATE_METHOD_MATCH = YES;
				COPY_PHASE_STRIP = NO;
				DEBUG_INFORMATION_FORMAT = dwarf;
				ENABLE_STRICT_OBJC_MSGSEND = YES;
				ENABLE_TESTABILITY = YES;
				GCC_C_LANGUAGE_STANDARD = gnu11;
				GCC_DYNAMIC_NO_PIC = NO;
				GCC_NO_COMMON_BLOCKS = YES;
				GCC_OPTIMIZATION_LEVEL = 0;
				GCC_PREPROCESSOR_DEFINITIONS = (
					"DEBUG=1",
					"$(inherited)",
				);
				GCC_WARN_64_TO_32_BIT_CONVERSION = YES;
				GCC_WARN_ABOUT_RETURN_TYPE = YES_ERROR;
				GCC_WARN_UNDECLARED_SELECTOR = YES;
				GCC_WARN_UNINITIALIZED_AUTOS = YES_AGGRESSIVE;
				GCC_WARN_UNUSED_FUNCTION = YES;
				GCC_WARN_UNUSED_VARIABLE = YES;
				MTL_ENABLE_DEBUG_INFO = INCLUDE_SOURCE;
				MTL_FAST_MATH = YES;
				ONLY_ACTIVE_ARCH = YES;
				SDKROOT = iphoneos;
				SWIFT_ACTIVE_COMPILATION_CONDITIONS = DEBUG;
				SWIFT_OPTIMIZATION_LEVEL = "-Onone";
			};
			name = Debug;
		};
		B507EBC42773601E00EB4CBB /* Release */ = {
			isa = XCBuildConfiguration;
			buildSettings = {
				ALWAYS_SEARCH_USER_PATHS = NO;
				CLANG_ANALYZER_NONNULL = YES;
				CLANG_ANALYZER_NUMBER_OBJECT_CONVERSION = YES_AGGRESSIVE;
				CLANG_CXX_LANGUAGE_STANDARD = "gnu++17";
				CLANG_CXX_LIBRARY = "libc++";
				CLANG_ENABLE_MODULES = YES;
				CLANG_ENABLE_OBJC_ARC = YES;
				CLANG_ENABLE_OBJC_WEAK = YES;
				CLANG_WARN_BLOCK_CAPTURE_AUTORELEASING = YES;
				CLANG_WARN_BOOL_CONVERSION = YES;
				CLANG_WARN_COMMA = YES;
				CLANG_WARN_CONSTANT_CONVERSION = YES;
				CLANG_WARN_DEPRECATED_OBJC_IMPLEMENTATIONS = YES;
				CLANG_WARN_DIRECT_OBJC_ISA_USAGE = YES_ERROR;
				CLANG_WARN_DOCUMENTATION_COMMENTS = YES;
				CLANG_WARN_EMPTY_BODY = YES;
				CLANG_WARN_ENUM_CONVERSION = YES;
				CLANG_WARN_INFINITE_RECURSION = YES;
				CLANG_WARN_INT_CONVERSION = YES;
				CLANG_WARN_NON_LITERAL_NULL_CONVERSION = YES;
				CLANG_WARN_OBJC_IMPLICIT_RETAIN_SELF = YES;
				CLANG_WARN_OBJC_LITERAL_CONVERSION = YES;
				CLANG_WARN_OBJC_ROOT_CLASS = YES_ERROR;
				CLANG_WARN_QUOTED_INCLUDE_IN_FRAMEWORK_HEADER = YES;
				CLANG_WARN_RANGE_LOOP_ANALYSIS = YES;
				CLANG_WARN_STRICT_PROTOTYPES = YES;
				CLANG_WARN_SUSPICIOUS_MOVE = YES;
				CLANG_WARN_UNGUARDED_AVAILABILITY = YES_AGGRESSIVE;
				CLANG_WARN_UNREACHABLE_CODE = YES;
				CLANG_WARN__DUPLICATE_METHOD_MATCH = YES;
				COPY_PHASE_STRIP = NO;
				DEBUG_INFORMATION_FORMAT = "dwarf-with-dsym";
				ENABLE_NS_ASSERTIONS = NO;
				ENABLE_STRICT_OBJC_MSGSEND = YES;
				GCC_C_LANGUAGE_STANDARD = gnu11;
				GCC_NO_COMMON_BLOCKS = YES;
				GCC_WARN_64_TO_32_BIT_CONVERSION = YES;
				GCC_WARN_ABOUT_RETURN_TYPE = YES_ERROR;
				GCC_WARN_UNDECLARED_SELECTOR = YES;
				GCC_WARN_UNINITIALIZED_AUTOS = YES_AGGRESSIVE;
				GCC_WARN_UNUSED_FUNCTION = YES;
				GCC_WARN_UNUSED_VARIABLE = YES;
				MTL_ENABLE_DEBUG_INFO = NO;
				MTL_FAST_MATH = YES;
				SDKROOT = iphoneos;
				SWIFT_COMPILATION_MODE = wholemodule;
				SWIFT_OPTIMIZATION_LEVEL = "-O";
				VALIDATE_PRODUCT = YES;
			};
			name = Release;
		};
		B507EBC62773601E00EB4CBB /* Debug */ = {
			isa = XCBuildConfiguration;
			buildSettings = {
				ASSETCATALOG_COMPILER_COMPLICATION_NAME = Complication;
				CODE_SIGN_STYLE = Automatic;
				CURRENT_PROJECT_VERSION = 1;
				DEVELOPMENT_ASSET_PATHS = "\"Notes WatchKit Extension/Preview Content\"";
				ENABLE_PREVIEWS = YES;
				GENERATE_INFOPLIST_FILE = YES;
				INFOPLIST_FILE = "Notes WatchKit Extension/Info.plist";
				INFOPLIST_KEY_CFBundleDisplayName = "Notes WatchKit Extension";
				INFOPLIST_KEY_CLKComplicationPrincipalClass = "$(PRODUCT_MODULE_NAME).ComplicationController";
				INFOPLIST_KEY_NSHumanReadableCopyright = "";
				INFOPLIST_KEY_WKWatchOnly = YES;
				LD_RUNPATH_SEARCH_PATHS = (
					"$(inherited)",
					"@executable_path/Frameworks",
					"@executable_path/../../Frameworks",
				);
				MARKETING_VERSION = 1.0;
				PRODUCT_BUNDLE_IDENTIFIER = "Levi-SIlva.Notes.watchkitapp.watchkitextension";
				PRODUCT_NAME = "${TARGET_NAME}";
				SDKROOT = watchos;
				SKIP_INSTALL = YES;
				SWIFT_EMIT_LOC_STRINGS = YES;
				SWIFT_VERSION = 5.0;
				TARGETED_DEVICE_FAMILY = 4;
				WATCHOS_DEPLOYMENT_TARGET = 8.0;
			};
			name = Debug;
		};
		B507EBC72773601E00EB4CBB /* Release */ = {
			isa = XCBuildConfiguration;
			buildSettings = {
				ASSETCATALOG_COMPILER_COMPLICATION_NAME = Complication;
				CODE_SIGN_STYLE = Automatic;
				CURRENT_PROJECT_VERSION = 1;
				DEVELOPMENT_ASSET_PATHS = "\"Notes WatchKit Extension/Preview Content\"";
				ENABLE_PREVIEWS = YES;
				GENERATE_INFOPLIST_FILE = YES;
				INFOPLIST_FILE = "Notes WatchKit Extension/Info.plist";
				INFOPLIST_KEY_CFBundleDisplayName = "Notes WatchKit Extension";
				INFOPLIST_KEY_CLKComplicationPrincipalClass = "$(PRODUCT_MODULE_NAME).ComplicationController";
				INFOPLIST_KEY_NSHumanReadableCopyright = "";
				INFOPLIST_KEY_WKWatchOnly = YES;
				LD_RUNPATH_SEARCH_PATHS = (
					"$(inherited)",
					"@executable_path/Frameworks",
					"@executable_path/../../Frameworks",
				);
				MARKETING_VERSION = 1.0;
				PRODUCT_BUNDLE_IDENTIFIER = "Levi-SIlva.Notes.watchkitapp.watchkitextension";
				PRODUCT_NAME = "${TARGET_NAME}";
				SDKROOT = watchos;
				SKIP_INSTALL = YES;
				SWIFT_EMIT_LOC_STRINGS = YES;
				SWIFT_VERSION = 5.0;
				TARGETED_DEVICE_FAMILY = 4;
				WATCHOS_DEPLOYMENT_TARGET = 8.0;
			};
			name = Release;
		};
		B507EBCA2773601E00EB4CBB /* Debug */ = {
			isa = XCBuildConfiguration;
			buildSettings = {
				ALWAYS_EMBED_SWIFT_STANDARD_LIBRARIES = YES;
				ASSETCATALOG_COMPILER_APPICON_NAME = AppIcon;
				ASSETCATALOG_COMPILER_GLOBAL_ACCENT_COLOR_NAME = AccentColor;
				CODE_SIGN_STYLE = Automatic;
				CURRENT_PROJECT_VERSION = 1;
				GENERATE_INFOPLIST_FILE = YES;
				IBSC_MODULE = Notes_WatchKit_Extension;
				INFOPLIST_KEY_CFBundleDisplayName = "Notes WatchKit App";
				INFOPLIST_KEY_UISupportedInterfaceOrientations = "UIInterfaceOrientationPortrait UIInterfaceOrientationPortraitUpsideDown";
				MARKETING_VERSION = 1.0;
				PRODUCT_BUNDLE_IDENTIFIER = "Levi-SIlva.Notes.watchkitapp";
				PRODUCT_NAME = "$(TARGET_NAME)";
				SDKROOT = watchos;
				SKIP_INSTALL = YES;
				SWIFT_EMIT_LOC_STRINGS = YES;
				SWIFT_VERSION = 5.0;
				TARGETED_DEVICE_FAMILY = 4;
				WATCHOS_DEPLOYMENT_TARGET = 8.0;
			};
			name = Debug;
		};
		B507EBCB2773601E00EB4CBB /* Release */ = {
			isa = XCBuildConfiguration;
			buildSettings = {
				ALWAYS_EMBED_SWIFT_STANDARD_LIBRARIES = YES;
				ASSETCATALOG_COMPILER_APPICON_NAME = AppIcon;
				ASSETCATALOG_COMPILER_GLOBAL_ACCENT_COLOR_NAME = AccentColor;
				CODE_SIGN_STYLE = Automatic;
				CURRENT_PROJECT_VERSION = 1;
				GENERATE_INFOPLIST_FILE = YES;
				IBSC_MODULE = Notes_WatchKit_Extension;
				INFOPLIST_KEY_CFBundleDisplayName = "Notes WatchKit App";
				INFOPLIST_KEY_UISupportedInterfaceOrientations = "UIInterfaceOrientationPortrait UIInterfaceOrientationPortraitUpsideDown";
				MARKETING_VERSION = 1.0;
				PRODUCT_BUNDLE_IDENTIFIER = "Levi-SIlva.Notes.watchkitapp";
				PRODUCT_NAME = "$(TARGET_NAME)";
				SDKROOT = watchos;
				SKIP_INSTALL = YES;
				SWIFT_EMIT_LOC_STRINGS = YES;
				SWIFT_VERSION = 5.0;
				TARGETED_DEVICE_FAMILY = 4;
				WATCHOS_DEPLOYMENT_TARGET = 8.0;
			};
			name = Release;
		};
		B507EBCE2773601E00EB4CBB /* Debug */ = {
			isa = XCBuildConfiguration;
			buildSettings = {
				CODE_SIGN_STYLE = Automatic;
				CURRENT_PROJECT_VERSION = 1;
				MARKETING_VERSION = 1.0;
				PRODUCT_BUNDLE_IDENTIFIER = "Levi-SIlva.Notes";
				PRODUCT_NAME = "$(TARGET_NAME)";
				SWIFT_VERSION = 5.0;
			};
			name = Debug;
		};
		B507EBCF2773601E00EB4CBB /* Release */ = {
			isa = XCBuildConfiguration;
			buildSettings = {
				CODE_SIGN_STYLE = Automatic;
				CURRENT_PROJECT_VERSION = 1;
				MARKETING_VERSION = 1.0;
				PRODUCT_BUNDLE_IDENTIFIER = "Levi-SIlva.Notes";
				PRODUCT_NAME = "$(TARGET_NAME)";
				SWIFT_VERSION = 5.0;
			};
			name = Release;
		};
/* End XCBuildConfiguration section */

/* Begin XCConfigurationList section */
		B507EB9B2773601700EB4CBB /* Build configuration list for PBXProject "Notes" */ = {
			isa = XCConfigurationList;
			buildConfigurations = (
				B507EBC32773601E00EB4CBB /* Debug */,
				B507EBC42773601E00EB4CBB /* Release */,
			);
			defaultConfigurationIsVisible = 0;
			defaultConfigurationName = Release;
		};
		B507EBC52773601E00EB4CBB /* Build configuration list for PBXNativeTarget "Notes WatchKit Extension" */ = {
			isa = XCConfigurationList;
			buildConfigurations = (
				B507EBC62773601E00EB4CBB /* Debug */,
				B507EBC72773601E00EB4CBB /* Release */,
			);
			defaultConfigurationIsVisible = 0;
			defaultConfigurationName = Release;
		};
		B507EBC92773601E00EB4CBB /* Build configuration list for PBXNativeTarget "Notes WatchKit App" */ = {
			isa = XCConfigurationList;
			buildConfigurations = (
				B507EBCA2773601E00EB4CBB /* Debug */,
				B507EBCB2773601E00EB4CBB /* Release */,
			);
			defaultConfigurationIsVisible = 0;
			defaultConfigurationName = Release;
		};
		B507EBCD2773601E00EB4CBB /* Build configuration list for PBXNativeTarget "Notes" */ = {
			isa = XCConfigurationList;
			buildConfigurations = (
				B507EBCE2773601E00EB4CBB /* Debug */,
				B507EBCF2773601E00EB4CBB /* Release */,
			);
			defaultConfigurationIsVisible = 0;
			defaultConfigurationName = Release;
		};
/* End XCConfigurationList section */
	};
	rootObject = B507EB982773601700EB4CBB /* Project object */;
}
